
Microsoft Visual Studio Solution File, Format Version 12.00
# Visual Studio Version 17
VisualStudioVersion = 17.11.35312.102
MinimumVisualStudioVersion = 10.0.40219.1
Project("{FAE04EC0-301F-11D3-BF4B-00C04F79EFBC}") = "btlLTTQ", "btlLTTQ\btlLTTQ.csproj", "{573D1242-3E28-4835-9EB0-872E617C7B5B}"
EndProject
Global
	GlobalSection(SolutionConfigurationPlatforms) = preSolution
		Debug|Any CPU = Debug|Any CPU
		Release|Any CPU = Release|Any CPU
	EndGlobalSection
	GlobalSection(ProjectConfigurationPlatforms) = postSolution
		{573D1242-3E28-4835-9EB0-872E617C7B5B}.Debug|Any CPU.ActiveCfg = Debug|Any CPU
		{573D1242-3E28-4835-9EB0-872E617C7B5B}.Debug|Any CPU.Build.0 = Debug|Any CPU
		{573D1242-3E28-4835-9EB0-872E617C7B5B}.Release|Any CPU.ActiveCfg = Release|Any CPU
		{573D1242-3E28-4835-9EB0-872E617C7B5B}.Release|Any CPU.Build.0 = Release|Any CPU
	EndGlobalSection
	GlobalSection(SolutionProperties) = preSolution
		HideSolutionNode = FALSE
	EndGlobalSection
	GlobalSection(ExtensibilityGlobals) = postSolution
		SolutionGuid = {AF620FC6-FF6F-4345-B1F2-34CFECD9712D}
	EndGlobalSection
EndGlobal
